
Microsoft Visual Studio Solution File, Format Version 12.00
# Visual Studio Version 16
VisualStudioVersion = 16.0.32510.428
MinimumVisualStudioVersion = 10.0.40219.1
Project("{FAE04EC0-301F-11D3-BF4B-00C04F79EFBC}") = "Shopping", "Shopping\Shopping.csproj", "{948A7E69-DE6D-4B05-96DF-77755C649925}"
EndProject
Global
	GlobalSection(SolutionConfigurationPlatforms) = preSolution
		Debug|Any CPU = Debug|Any CPU
		Release|Any CPU = Release|Any CPU
	EndGlobalSection
	GlobalSection(ProjectConfigurationPlatforms) = postSolution
		{948A7E69-DE6D-4B05-96DF-77755C649925}.Debug|Any CPU.ActiveCfg = Debug|Any CPU
		{948A7E69-DE6D-4B05-96DF-77755C649925}.Debug|Any CPU.Build.0 = Debug|Any CPU
		{948A7E69-DE6D-4B05-96DF-77755C649925}.Release|Any CPU.ActiveCfg = Release|Any CPU
		{948A7E69-DE6D-4B05-96DF-77755C649925}.Release|Any CPU.Build.0 = Release|Any CPU
	EndGlobalSection
	GlobalSection(SolutionProperties) = preSolution
		HideSolutionNode = FALSE
	EndGlobalSection
	GlobalSection(ExtensibilityGlobals) = postSolution
		SolutionGuid = {73CFA806-E6DA-413C-A2A9-3A7990D7F6B7}
	EndGlobalSection
EndGlobal
